// !$*UTF8*$!
{
	archiveVersion = 1;
	classes = {
	};
	objectVersion = 50;
	objects = {

/* Begin PBXBuildFile section */
		CA27C4692404DAB700F28FD1 /* AppDelegate.swift in Sources */ = {isa = PBXBuildFile; fileRef = CA27C4682404DAB700F28FD1 /* AppDelegate.swift */; };
		CA27C46B2404DAB700F28FD1 /* SceneDelegate.swift in Sources */ = {isa = PBXBuildFile; fileRef = CA27C46A2404DAB700F28FD1 /* SceneDelegate.swift */; };
		CA27C46D2404DAB700F28FD1 /* ContentView.swift in Sources */ = {isa = PBXBuildFile; fileRef = CA27C46C2404DAB700F28FD1 /* ContentView.swift */; };
		CA27C46F2404DABB00F28FD1 /* Assets.xcassets in Resources */ = {isa = PBXBuildFile; fileRef = CA27C46E2404DABB00F28FD1 /* Assets.xcassets */; };
		CA27C4722404DABB00F28FD1 /* Preview Assets.xcassets in Resources */ = {isa = PBXBuildFile; fileRef = CA27C4712404DABB00F28FD1 /* Preview Assets.xcassets */; };
		CA27C4752404DABB00F28FD1 /* LaunchScreen.storyboard in Resources */ = {isa = PBXBuildFile; fileRef = CA27C4732404DABB00F28FD1 /* LaunchScreen.storyboard */; };
		CA27C47D2404DB4800F28FD1 /* ContentViewModel.swift in Sources */ = {isa = PBXBuildFile; fileRef = CA27C47C2404DB4800F28FD1 /* ContentViewModel.swift */; };
		CA27C485240510FD00F28FD1 /* TaskModel.swift in Sources */ = {isa = PBXBuildFile; fileRef = CA27C484240510FD00F28FD1 /* TaskModel.swift */; };
		CAA4A2A6279FE53900C65218 /* Priority.swift in Sources */ = {isa = PBXBuildFile; fileRef = CAA4A2A5279FE53900C65218 /* Priority.swift */; };
		CAA4A2A8279FE54E00C65218 /* Category.swift in Sources */ = {isa = PBXBuildFile; fileRef = CAA4A2A7279FE54E00C65218 /* Category.swift */; };
		CAA4A2AA279FE93C00C65218 /* AuthResponse.swift in Sources */ = {isa = PBXBuildFile; fileRef = CAA4A2A9279FE93C00C65218 /* AuthResponse.swift */; };
		CAE97719241F5517000C03E7 /* TaskView.swift in Sources */ = {isa = PBXBuildFile; fileRef = CAE97718241F5517000C03E7 /* TaskView.swift */; };
/* End PBXBuildFile section */

/* Begin PBXFileReference section */
		CA27C4652404DAB700F28FD1 /* ToDo.app */ = {isa = PBXFileReference; explicitFileType = wrapper.application; includeInIndex = 0; path = ToDo.app; sourceTree = BUILT_PRODUCTS_DIR; };
		CA27C4682404DAB700F28FD1 /* AppDelegate.swift */ = {isa = PBXFileReference; lastKnownFileType = sourcecode.swift; path = AppDelegate.swift; sourceTree = "<group>"; };
		CA27C46A2404DAB700F28FD1 /* SceneDelegate.swift */ = {isa = PBXFileReference; lastKnownFileType = sourcecode.swift; path = SceneDelegate.swift; sourceTree = "<group>"; };
		CA27C46C2404DAB700F28FD1 /* ContentView.swift */ = {isa = PBXFileReference; lastKnownFileType = sourcecode.swift; path = ContentView.swift; sourceTree = "<group>"; };
		CA27C46E2404DABB00F28FD1 /* Assets.xcassets */ = {isa = PBXFileReference; lastKnownFileType = folder.assetcatalog; path = Assets.xcassets; sourceTree = "<group>"; };
		CA27C4712404DABB00F28FD1 /* Preview Assets.xcassets */ = {isa = PBXFileReference; lastKnownFileType = folder.assetcatalog; path = "Preview Assets.xcassets"; sourceTree = "<group>"; };
		CA27C4742404DABB00F28FD1 /* Base */ = {isa = PBXFileReference; lastKnownFileType = file.storyboard; name = Base; path = Base.lproj/LaunchScreen.storyboard; sourceTree = "<group>"; };
		CA27C4762404DABB00F28FD1 /* Info.plist */ = {isa = PBXFileReference; lastKnownFileType = text.plist.xml; path = Info.plist; sourceTree = "<group>"; };
		CA27C47C2404DB4800F28FD1 /* ContentViewModel.swift */ = {isa = PBXFileReference; lastKnownFileType = sourcecode.swift; path = ContentViewModel.swift; sourceTree = "<group>"; };
		CA27C484240510FD00F28FD1 /* TaskModel.swift */ = {isa = PBXFileReference; lastKnownFileType = sourcecode.swift; path = TaskModel.swift; sourceTree = "<group>"; };
		CAA4A2A5279FE53900C65218 /* Priority.swift */ = {isa = PBXFileReference; lastKnownFileType = sourcecode.swift; path = Priority.swift; sourceTree = "<group>"; };
		CAA4A2A7279FE54E00C65218 /* Category.swift */ = {isa = PBXFileReference; lastKnownFileType = sourcecode.swift; path = Category.swift; sourceTree = "<group>"; };
		CAA4A2A9279FE93C00C65218 /* AuthResponse.swift */ = {isa = PBXFileReference; lastKnownFileType = sourcecode.swift; path = AuthResponse.swift; sourceTree = "<group>"; };
		CAE97718241F5517000C03E7 /* TaskView.swift */ = {isa = PBXFileReference; lastKnownFileType = sourcecode.swift; path = TaskView.swift; sourceTree = "<group>"; };
/* End PBXFileReference section */

/* Begin PBXFrameworksBuildPhase section */
		CA27C4622404DAB700F28FD1 /* Frameworks */ = {
			isa = PBXFrameworksBuildPhase;
			buildActionMask = 2147483647;
			files = (
			);
			runOnlyForDeploymentPostprocessing = 0;
		};
/* End PBXFrameworksBuildPhase section */

/* Begin PBXGroup section */
		CA27C45C2404DAB700F28FD1 = {
			isa = PBXGroup;
			children = (
				CA27C4672404DAB700F28FD1 /* ToDo */,
				CA27C4662404DAB700F28FD1 /* Products */,
			);
			sourceTree = "<group>";
		};
		CA27C4662404DAB700F28FD1 /* Products */ = {
			isa = PBXGroup;
			children = (
				CA27C4652404DAB700F28FD1 /* ToDo.app */,
			);
			name = Products;
			sourceTree = "<group>";
		};
		CA27C4672404DAB700F28FD1 /* ToDo */ = {
			isa = PBXGroup;
			children = (
				CAE97717241F54E9000C03E7 /* ViewModel */,
				CAE97716241F54E1000C03E7 /* View */,
				CAE97715241F54D9000C03E7 /* Model */,
				CA27C4682404DAB700F28FD1 /* AppDelegate.swift */,
				CA27C46A2404DAB700F28FD1 /* SceneDelegate.swift */,
				CA27C46E2404DABB00F28FD1 /* Assets.xcassets */,
				CA27C4732404DABB00F28FD1 /* LaunchScreen.storyboard */,
				CA27C4762404DABB00F28FD1 /* Info.plist */,
				CA27C4702404DABB00F28FD1 /* Preview Content */,
			);
			path = ToDo;
			sourceTree = "<group>";
		};
		CA27C4702404DABB00F28FD1 /* Preview Content */ = {
			isa = PBXGroup;
			children = (
				CA27C4712404DABB00F28FD1 /* Preview Assets.xcassets */,
			);
			path = "Preview Content";
			sourceTree = "<group>";
		};
		CAA4A2AB279FEAC700C65218 /* Responses */ = {
			isa = PBXGroup;
			children = (
				CAA4A2A9279FE93C00C65218 /* AuthResponse.swift */,
			);
			path = Responses;
			sourceTree = "<group>";
		};
		CAE97715241F54D9000C03E7 /* Model */ = {
			isa = PBXGroup;
			children = (
				CAA4A2AB279FEAC700C65218 /* Responses */,
				CA27C484240510FD00F28FD1 /* TaskModel.swift */,
				CAA4A2A5279FE53900C65218 /* Priority.swift */,
				CAA4A2A7279FE54E00C65218 /* Category.swift */,
			);
			path = Model;
			sourceTree = "<group>";
		};
		CAE97716241F54E1000C03E7 /* View */ = {
			isa = PBXGroup;
			children = (
				CA27C46C2404DAB700F28FD1 /* ContentView.swift */,
				CAE97718241F5517000C03E7 /* TaskView.swift */,
			);
			path = View;
			sourceTree = "<group>";
		};
		CAE97717241F54E9000C03E7 /* ViewModel */ = {
			isa = PBXGroup;
			children = (
				CA27C47C2404DB4800F28FD1 /* ContentViewModel.swift */,
			);
			path = ViewModel;
			sourceTree = "<group>";
		};
/* End PBXGroup section */

/* Begin PBXNativeTarget section */
		CA27C4642404DAB700F28FD1 /* ToDo */ = {
			isa = PBXNativeTarget;
			buildConfigurationList = CA27C4792404DABB00F28FD1 /* Build configuration list for PBXNativeTarget "ToDo" */;
			buildPhases = (
				CA27C4612404DAB700F28FD1 /* Sources */,
				CA27C4622404DAB700F28FD1 /* Frameworks */,
				CA27C4632404DAB700F28FD1 /* Resources */,
			);
			buildRules = (
			);
			dependencies = (
			);
			name = ToDo;
			packageProductDependencies = (
			);
			productName = ToDo;
			productReference = CA27C4652404DAB700F28FD1 /* ToDo.app */;
			productType = "com.apple.product-type.application";
		};
/* End PBXNativeTarget section */

/* Begin PBXProject section */
		CA27C45D2404DAB700F28FD1 /* Project object */ = {
			isa = PBXProject;
			attributes = {
				LastSwiftUpdateCheck = 1130;
				LastUpgradeCheck = 1130;
				ORGANIZATIONNAME = perekrist;
				TargetAttributes = {
					CA27C4642404DAB700F28FD1 = {
						CreatedOnToolsVersion = 11.3.1;
					};
				};
			};
			buildConfigurationList = CA27C4602404DAB700F28FD1 /* Build configuration list for PBXProject "ToDo" */;
			compatibilityVersion = "Xcode 9.3";
			developmentRegion = en;
			hasScannedForEncodings = 0;
			knownRegions = (
				en,
				Base,
			);
			mainGroup = CA27C45C2404DAB700F28FD1;
			packageReferences = (
			);
			productRefGroup = CA27C4662404DAB700F28FD1 /* Products */;
			projectDirPath = "";
			projectRoot = "";
			targets = (
				CA27C4642404DAB700F28FD1 /* ToDo */,
			);
		};
/* End PBXProject section */

/* Begin PBXResourcesBuildPhase section */
		CA27C4632404DAB700F28FD1 /* Resources */ = {
			isa = PBXResourcesBuildPhase;
			buildActionMask = 2147483647;
			files = (
				CA27C4752404DABB00F28FD1 /* LaunchScreen.storyboard in Resources */,
				CA27C4722404DABB00F28FD1 /* Preview Assets.xcassets in Resources */,
				CA27C46F2404DABB00F28FD1 /* Assets.xcassets in Resources */,
			);
			runOnlyForDeploymentPostprocessing = 0;
		};
/* End PBXResourcesBuildPhase section */

/* Begin PBXSourcesBuildPhase section */
		CA27C4612404DAB700F28FD1 /* Sources */ = {
			isa = PBXSourcesBuildPhase;
			buildActionMask = 2147483647;
			files = (
				CA27C4692404DAB700F28FD1 /* AppDelegate.swift in Sources */,
				CA27C47D2404DB4800F28FD1 /* ContentViewModel.swift in Sources */,
				CAA4A2A6279FE53900C65218 /* Priority.swift in Sources */,
				CA27C485240510FD00F28FD1 /* TaskModel.swift in Sources */,
				CAA4A2AA279FE93C00C65218 /* AuthResponse.swift in Sources */,
				CAE97719241F5517000C03E7 /* TaskView.swift in Sources */,
				CA27C46B2404DAB700F28FD1 /* SceneDelegate.swift in Sources */,
				CA27C46D2404DAB700F28FD1 /* ContentView.swift in Sources */,
				CAA4A2A8279FE54E00C65218 /* Category.swift in Sources */,
			);
			runOnlyForDeploymentPostprocessing = 0;
		};
/* End PBXSourcesBuildPhase section */

/* Begin PBXVariantGroup section */
		CA27C4732404DABB00F28FD1 /* LaunchScreen.storyboard */ = {
			isa = PBXVariantGroup;
			children = (
				CA27C4742404DABB00F28FD1 /* Base */,
			);
			name = LaunchScreen.storyboard;
			sourceTree = "<group>";
		};
/* End PBXVariantGroup section */

/* Begin XCBuildConfiguration section */
		CA27C4772404DABB00F28FD1 /* Debug */ = {
			isa = XCBuildConfiguration;
			buildSettings = {
				ALWAYS_SEARCH_USER_PATHS = NO;
				CLANG_ANALYZER_NONNULL = YES;
				CLANG_ANALYZER_NUMBER_OBJECT_CONVERSION = YES_AGGRESSIVE;
				CLANG_CXX_LANGUAGE_STANDARD = "gnu++14";
				CLANG_CXX_LIBRARY = "libc++";
				CLANG_ENABLE_MODULES = YES;
				CLANG_ENABLE_OBJC_ARC = YES;
				CLANG_ENABLE_OBJC_WEAK = YES;
				CLANG_WARN_BLOCK_CAPTURE_AUTORELEASING = YES;
				CLANG_WARN_BOOL_CONVERSION = YES;
				CLANG_WARN_COMMA = YES;
				CLANG_WARN_CONSTANT_CONVERSION = YES;
				CLANG_WARN_DEPRECATED_OBJC_IMPLEMENTATIONS = YES;
				CLANG_WARN_DIRECT_OBJC_ISA_USAGE = YES_ERROR;
				CLANG_WARN_DOCUMENTATION_COMMENTS = YES;
				CLANG_WARN_EMPTY_BODY = YES;
				CLANG_WARN_ENUM_CONVERSION = YES;
				CLANG_WARN_INFINITE_RECURSION = YES;
				CLANG_WARN_INT_CONVERSION = YES;
				CLANG_WARN_NON_LITERAL_NULL_CONVERSION = YES;
				CLANG_WARN_OBJC_IMPLICIT_RETAIN_SELF = YES;
				CLANG_WARN_OBJC_LITERAL_CONVERSION = YES;
				CLANG_WARN_OBJC_ROOT_CLASS = YES_ERROR;
				CLANG_WARN_RANGE_LOOP_ANALYSIS = YES;
				CLANG_WARN_STRICT_PROTOTYPES = YES;
				CLANG_WARN_SUSPICIOUS_MOVE = YES;
				CLANG_WARN_UNGUARDED_AVAILABILITY = YES_AGGRESSIVE;
				CLANG_WARN_UNREACHABLE_CODE = YES;
				CLANG_WARN__DUPLICATE_METHOD_MATCH = YES;
				COPY_PHASE_STRIP = NO;
				DEBUG_INFORMATION_FORMAT = dwarf;
				ENABLE_STRICT_OBJC_MSGSEND = YES;
				ENABLE_TESTABILITY = YES;
				GCC_C_LANGUAGE_STANDARD = gnu11;
				GCC_DYNAMIC_NO_PIC = NO;
				GCC_NO_COMMON_BLOCKS = YES;
				GCC_OPTIMIZATION_LEVEL = 0;
				GCC_PREPROCESSOR_DEFINITIONS = (
					"DEBUG=1",
					"$(inherited)",
				);
				GCC_WARN_64_TO_32_BIT_CONVERSION = YES;
				GCC_WARN_ABOUT_RETURN_TYPE = YES_ERROR;
				GCC_WARN_UNDECLARED_SELECTOR = YES;
				GCC_WARN_UNINITIALIZED_AUTOS = YES_AGGRESSIVE;
				GCC_WARN_UNUSED_FUNCTION = YES;
				GCC_WARN_UNUSED_VARIABLE = YES;
				IPHONEOS_DEPLOYMENT_TARGET = 15.0;
				MTL_ENABLE_DEBUG_INFO = INCLUDE_SOURCE;
				MTL_FAST_MATH = YES;
				ONLY_ACTIVE_ARCH = YES;
				SDKROOT = iphoneos;
				SWIFT_ACTIVE_COMPILATION_CONDITIONS = DEBUG;
				SWIFT_OPTIMIZATION_LEVEL = "-Onone";
			};
			name = Debug;
		};
		CA27C4782404DABB00F28FD1 /* Release */ = {
			isa = XCBuildConfiguration;
			buildSettings = {
				ALWAYS_SEARCH_USER_PATHS = NO;
				CLANG_ANALYZER_NONNULL = YES;
				CLANG_ANALYZER_NUMBER_OBJECT_CONVERSION = YES_AGGRESSIVE;
				CLANG_CXX_LANGUAGE_STANDARD = "gnu++14";
				CLANG_CXX_LIBRARY = "libc++";
				CLANG_ENABLE_MODULES = YES;
				CLANG_ENABLE_OBJC_ARC = YES;
				CLANG_ENABLE_OBJC_WEAK = YES;
				CLANG_WARN_BLOCK_CAPTURE_AUTORELEASING = YES;
				CLANG_WARN_BOOL_CONVERSION = YES;
				CLANG_WARN_COMMA = YES;
				CLANG_WARN_CONSTANT_CONVERSION = YES;
				CLANG_WARN_DEPRECATED_OBJC_IMPLEMENTATIONS = YES;
				CLANG_WARN_DIRECT_OBJC_ISA_USAGE = YES_ERROR;
				CLANG_WARN_DOCUMENTATION_COMMENTS = YES;
				CLANG_WARN_EMPTY_BODY = YES;
				CLANG_WARN_ENUM_CONVERSION = YES;
				CLANG_WARN_INFINITE_RECURSION = YES;
				CLANG_WARN_INT_CONVERSION = YES;
				CLANG_WARN_NON_LITERAL_NULL_CONVERSION = YES;
				CLANG_WARN_OBJC_IMPLICIT_RETAIN_SELF = YES;
				CLANG_WARN_OBJC_LITERAL_CONVERSION = YES;
				CLANG_WARN_OBJC_ROOT_CLASS = YES_ERROR;
				CLANG_WARN_RANGE_LOOP_ANALYSIS = YES;
				CLANG_WARN_STRICT_PROTOTYPES = YES;
				CLANG_WARN_SUSPICIOUS_MOVE = YES;
				CLANG_WARN_UNGUARDED_AVAILABILITY = YES_AGGRESSIVE;
				CLANG_WARN_UNREACHABLE_CODE = YES;
				CLANG_WARN__DUPLICATE_METHOD_MATCH = YES;
				COPY_PHASE_STRIP = NO;
				DEBUG_INFORMATION_FORMAT = "dwarf-with-dsym";
				ENABLE_NS_ASSERTIONS = NO;
				ENABLE_STRICT_OBJC_MSGSEND = YES;
				GCC_C_LANGUAGE_STANDARD = gnu11;
				GCC_NO_COMMON_BLOCKS = YES;
				GCC_WARN_64_TO_32_BIT_CONVERSION = YES;
				GCC_WARN_ABOUT_RETURN_TYPE = YES_ERROR;
				GCC_WARN_UNDECLARED_SELECTOR = YES;
				GCC_WARN_UNINITIALIZED_AUTOS = YES_AGGRESSIVE;
				GCC_WARN_UNUSED_FUNCTION = YES;
				GCC_WARN_UNUSED_VARIABLE = YES;
				IPHONEOS_DEPLOYMENT_TARGET = 15.0;
				MTL_ENABLE_DEBUG_INFO = NO;
				MTL_FAST_MATH = YES;
				SDKROOT = iphoneos;
				SWIFT_COMPILATION_MODE = wholemodule;
				SWIFT_OPTIMIZATION_LEVEL = "-O";
				VALIDATE_PRODUCT = YES;
			};
			name = Release;
		};
		CA27C47A2404DABB00F28FD1 /* Debug */ = {
			isa = XCBuildConfiguration;
			buildSettings = {
				ASSETCATALOG_COMPILER_APPICON_NAME = AppIcon;
				CODE_SIGN_STYLE = Automatic;
				DEVELOPMENT_ASSET_PATHS = "\"ToDo/Preview Content\"";
				DEVELOPMENT_TEAM = 7NZPBTA9R6;
				ENABLE_PREVIEWS = YES;
				INFOPLIST_FILE = ToDo/Info.plist;
				LD_RUNPATH_SEARCH_PATHS = (
					"$(inherited)",
					"@executable_path/Frameworks",
				);
				PRODUCT_BUNDLE_IDENTIFIER = com.perekrist.ToDo;
				PRODUCT_NAME = "$(TARGET_NAME)";
				SWIFT_VERSION = 5.0;
				TARGETED_DEVICE_FAMILY = "1,2";
			};
			name = Debug;
		};
		CA27C47B2404DABB00F28FD1 /* Release */ = {
			isa = XCBuildConfiguration;
			buildSettings = {
				ASSETCATALOG_COMPILER_APPICON_NAME = AppIcon;
				CODE_SIGN_STYLE = Automatic;
				DEVELOPMENT_ASSET_PATHS = "\"ToDo/Preview Content\"";
				DEVELOPMENT_TEAM = 7NZPBTA9R6;
				ENABLE_PREVIEWS = YES;
				INFOPLIST_FILE = ToDo/Info.plist;
				LD_RUNPATH_SEARCH_PATHS = (
					"$(inherited)",
					"@executable_path/Frameworks",
				);
				PRODUCT_BUNDLE_IDENTIFIER = com.perekrist.ToDo;
				PRODUCT_NAME = "$(TARGET_NAME)";
				SWIFT_VERSION = 5.0;
				TARGETED_DEVICE_FAMILY = "1,2";
			};
			name = Release;
		};
/* End XCBuildConfiguration section */

/* Begin XCConfigurationList section */
		CA27C4602404DAB700F28FD1 /* Build configuration list for PBXProject "ToDo" */ = {
			isa = XCConfigurationList;
			buildConfigurations = (
				CA27C4772404DABB00F28FD1 /* Debug */,
				CA27C4782404DABB00F28FD1 /* Release */,
			);
			defaultConfigurationIsVisible = 0;
			defaultConfigurationName = Release;
		};
		CA27C4792404DABB00F28FD1 /* Build configuration list for PBXNativeTarget "ToDo" */ = {
			isa = XCConfigurationList;
			buildConfigurations = (
				CA27C47A2404DABB00F28FD1 /* Debug */,
				CA27C47B2404DABB00F28FD1 /* Release */,
			);
			defaultConfigurationIsVisible = 0;
			defaultConfigurationName = Release;
		};
/* End XCConfigurationList section */
	};
	rootObject = CA27C45D2404DAB700F28FD1 /* Project object */;
}
